{
  "version": 4,
  "terraform_version": "1.15.6",
  "serial": 8,
  "lineage": "ca52868f-67cc-5ed6-24fd-c3665c155784",
  "outputs": {
    "demo_log_group": {
      "value": "/tracer/demo",
      "type": "string"
    },
    "lambda_name": {
      "value": "tracer-demo-emitter",
      "type": "string"
    }
  },
  "resources": [
    {
      "mode": "data",
      "type": "archive_file",
      "name": "lambda_zip",
      "provider": "provider[\"registry.terraform.io/hashicorp/archive\"]",
      "instances": [
        {
          "schema_version": 0,
          "attributes": {
            "exclude_symlink_directories": null,
            "excludes": null,
            "id": "def780df80e7a13d1f3b9670028c87940adecf4a",
            "output_base64sha256": "ORiQBsdJmmyWEy1MubFwybnYyQCSP6wl9Yq9Kb7NwBE=",
            "output_base64sha512": "xHlzA4jKgYtq3u8Vg8lCSGWVUdfl0ZJKNVy2+v7PRVbvBRbt2VyfY6fIoSqWT9sJk2zoC+bkhK+STtpGtxUo4A==",
            "output_file_mode": null,
            "output_md5": "bd21ab80386265e76fd748e36c28fe17",
            "output_path": "./build/emitter.zip",
            "output_sha": "def780df80e7a13d1f3b9670028c87940adecf4a",
            "output_sha256": "39189006c7499a6c96132d4cb9b170c9b9d8c900923fac25f58abd29becdc011",
            "output_sha512": "c479730388ca818b6adeef1583c94248659551d7e5d1924a355cb6fafecf4556ef0516edd95c9f63a7c8a12a964fdb09936ce80be6e484af924eda46b71528e0",
            "output_size": 1320,
            "source": [],
            "source_content": null,
            "source_content_filename": null,
            "source_dir": null,
            "source_file": "./../handler.py",
            "type": "zip"
          },
          "sensitive_attributes": [],
          "identity_schema_version": 0
        }
      ]
    },
    {
      "mode": "managed",
      "type": "aws_cloudwatch_event_rule",
      "name": "tick",
      "provider": "provider[\"registry.terraform.io/hashicorp/aws\"]",
      "instances": [
        {
          "schema_version": 1,
          "attributes": {
            "arn": "arn:aws:events:us-east-1:722495100746:rule/tracer-demo-emitter-tick",
            "description": "",
            "event_bus_name": "default",
            "event_pattern": null,
            "force_destroy": false,
            "id": "tracer-demo-emitter-tick",
            "is_enabled": true,
            "name": "tracer-demo-emitter-tick",
            "name_prefix": "",
            "role_arn": "",
            "schedule_expression": "rate(1 minute)",
            "state": "ENABLED",
            "tags": null,
            "tags_all": {}
          },
          "sensitive_attributes": [],
          "identity_schema_version": 0,
          "private": "eyJzY2hlbWFfdmVyc2lvbiI6IjEifQ=="
        }
      ]
    },
    {
      "mode": "managed",
      "type": "aws_cloudwatch_event_target",
      "name": "tick",
      "provider": "provider[\"registry.terraform.io/hashicorp/aws\"]",
      "instances": [
        {
          "schema_version": 1,
          "attributes": {
            "appsync_target": [],
            "arn": "arn:aws:lambda:us-east-1:722495100746:function:tracer-demo-emitter",
            "batch_target": [],
            "dead_letter_config": [],
            "ecs_target": [],
            "event_bus_name": "default",
            "force_destroy": false,
            "http_target": [],
            "id": "tracer-demo-emitter-tick-terraform-20260618160518597200000001",
            "input": "",
            "input_path": "",
            "input_transformer": [],
            "kinesis_target": [],
            "redshift_target": [],
            "retry_policy": [],
            "role_arn": "",
            "rule": "tracer-demo-emitter-tick",
            "run_command_targets": [],
            "sagemaker_pipeline_target": [],
            "sqs_target": [],
            "target_id": "terraform-20260618160518597200000001"
          },
          "sensitive_attributes": [],
          "identity_schema_version": 0,
          "private": "eyJzY2hlbWFfdmVyc2lvbiI6IjEifQ==",
          "dependencies": [
            "aws_cloudwatch_event_rule.tick",
            "aws_iam_role.emitter",
            "aws_lambda_function.emitter",
            "data.archive_file.lambda_zip"
          ]
        }
      ]
    },
    {
      "mode": "managed",
      "type": "aws_cloudwatch_log_group",
      "name": "demo",
      "provider": "provider[\"registry.terraform.io/hashicorp/aws\"]",
      "instances": [
        {
          "schema_version": 0,
          "attributes": {
            "arn": "arn:aws:logs:us-east-1:722495100746:log-group:/tracer/demo",
            "id": "/tracer/demo",
            "kms_key_id": "",
            "log_group_class": "STANDARD",
            "name": "/tracer/demo",
            "name_prefix": "",
            "retention_in_days": 1,
            "skip_destroy": false,
            "tags": null,
            "tags_all": {}
          },
          "sensitive_attributes": [],
          "identity_schema_version": 0,
          "private": "bnVsbA=="
        }
      ]
    },
    {
      "mode": "managed",
      "type": "aws_iam_role",
      "name": "emitter",
      "provider": "provider[\"registry.terraform.io/hashicorp/aws\"]",
      "instances": [
        {
          "schema_version": 0,
          "attributes": {
            "arn": "arn:aws:iam::722495100746:role/tracer-demo-emitter",
            "assume_role_policy": "{\"Statement\":[{\"Action\":\"sts:AssumeRole\",\"Effect\":\"Allow\",\"Principal\":{\"Service\":\"lambda.amazonaws.com\"}}],\"Version\":\"2012-10-17\"}",
            "create_date": "2026-06-18T16:05:03Z",
            "description": "",
            "force_detach_policies": false,
            "id": "tracer-demo-emitter",
            "inline_policy": [],
            "managed_policy_arns": [],
            "max_session_duration": 3600,
            "name": "tracer-demo-emitter",
            "name_prefix": "",
            "path": "/",
            "permissions_boundary": "",
            "tags": null,
            "tags_all": {},
            "unique_id": "AROA2QOAQK5FFWTZMR62C"
          },
          "sensitive_attributes": [],
          "identity_schema_version": 0,
          "private": "bnVsbA=="
        }
      ]
    },
    {
      "mode": "managed",
      "type": "aws_iam_role_policy",
      "name": "emitter",
      "provider": "provider[\"registry.terraform.io/hashicorp/aws\"]",
      "instances": [
        {
          "schema_version": 0,
          "attributes": {
            "id": "tracer-demo-emitter:tracer-demo-emitter-logs",
            "name": "tracer-demo-emitter-logs",
            "name_prefix": "",
            "policy": "{\"Version\":\"2012-10-17\",\"Statement\":[{\"Action\":[\"logs:CreateLogStream\",\"logs:PutLogEvents\",\"logs:CreateLogGroup\"],\"Effect\":\"Allow\",\"Resource\":[\"arn:aws:logs:us-east-1:722495100746:log-group:/tracer/demo\",\"arn:aws:logs:us-east-1:722495100746:log-group:/tracer/demo:*\"],\"Sid\":\"WriteDemoGroup\"},{\"Action\":[\"logs:CreateLogStream\",\"logs:PutLogEvents\",\"logs:CreateLogGroup\"],\"Effect\":\"Allow\",\"Resource\":\"arn:aws:logs:us-east-1:*:log-group:/aws/lambda/tracer-demo-emitter:*\",\"Sid\":\"OwnRuntimeLogs\"}]}",
            "role": "tracer-demo-emitter"
          },
          "sensitive_attributes": [],
          "identity_schema_version": 0,
          "private": "bnVsbA==",
          "dependencies": [
            "aws_cloudwatch_log_group.demo",
            "aws_iam_role.emitter"
          ]
        }
      ]
    },
    {
      "mode": "managed",
      "type": "aws_lambda_function",
      "name": "emitter",
      "provider": "provider[\"registry.terraform.io/hashicorp/aws\"]",
      "instances": [
        {
          "schema_version": 0,
          "attributes": {
            "architectures": [
              "x86_64"
            ],
            "arn": "arn:aws:lambda:us-east-1:722495100746:function:tracer-demo-emitter",
            "code_sha256": "ORiQBsdJmmyWEy1MubFwybnYyQCSP6wl9Yq9Kb7NwBE=",
            "code_signing_config_arn": "",
            "dead_letter_config": [],
            "description": "",
            "environment": [
              {
                "variables": {
                  "BURST_EVERY": "5",
                  "DEMO_LOG_GROUP": "/tracer/demo"
                }
              }
            ],
            "ephemeral_storage": [
              {
                "size": 512
              }
            ],
            "file_system_config": [],
            "filename": "./build/emitter.zip",
            "function_name": "tracer-demo-emitter",
            "handler": "handler.handler",
            "id": "tracer-demo-emitter",
            "image_config": [],
            "image_uri": "",
            "invoke_arn": "arn:aws:apigateway:us-east-1:lambda:path/2015-03-31/functions/arn:aws:lambda:us-east-1:722495100746:function:tracer-demo-emitter/invocations",
            "kms_key_arn": "",
            "last_modified": "2026-06-18T16:05:12.531+0000",
            "layers": null,
            "logging_config": [
              {
                "application_log_level": "",
                "log_format": "Text",
                "log_group": "/aws/lambda/tracer-demo-emitter",
                "system_log_level": ""
              }
            ],
            "memory_size": 128,
            "package_type": "Zip",
            "publish": false,
            "qualified_arn": "arn:aws:lambda:us-east-1:722495100746:function:tracer-demo-emitter:$LATEST",
            "qualified_invoke_arn": "arn:aws:apigateway:us-east-1:lambda:path/2015-03-31/functions/arn:aws:lambda:us-east-1:722495100746:function:tracer-demo-emitter:$LATEST/invocations",
            "replace_security_groups_on_destroy": null,
            "replacement_security_group_ids": null,
            "reserved_concurrent_executions": -1,
            "role": "arn:aws:iam::722495100746:role/tracer-demo-emitter",
            "runtime": "python3.12",
            "s3_bucket": null,
            "s3_key": null,
            "s3_object_version": null,
            "signing_job_arn": "",
            "signing_profile_version_arn": "",
            "skip_destroy": false,
            "snap_start": [],
            "source_code_hash": "ORiQBsdJmmyWEy1MubFwybnYyQCSP6wl9Yq9Kb7NwBE=",
            "source_code_size": 1320,
            "tags": null,
            "tags_all": {},
            "timeout": 30,
            "timeouts": null,
            "tracing_config": [
              {
                "mode": "PassThrough"
              }
            ],
            "version": "$LATEST",
            "vpc_config": []
          },
          "sensitive_attributes": [],
          "identity_schema_version": 0,
          "private": "eyJlMmJmYjczMC1lY2FhLTExZTYtOGY4OC0zNDM2M2JjN2M0YzAiOnsiY3JlYXRlIjo2MDAwMDAwMDAwMDAsImRlbGV0ZSI6NjAwMDAwMDAwMDAwLCJ1cGRhdGUiOjYwMDAwMDAwMDAwMH19",
          "dependencies": [
            "aws_iam_role.emitter",
            "data.archive_file.lambda_zip"
          ]
        }
      ]
    },
    {
      "mode": "managed",
      "type": "aws_lambda_permission",
      "name": "events",
      "provider": "provider[\"registry.terraform.io/hashicorp/aws\"]",
      "instances": [
        {
          "schema_version": 0,
          "attributes": {
            "action": "lambda:InvokeFunction",
            "event_source_token": null,
            "function_name": "tracer-demo-emitter",
            "function_url_auth_type": null,
            "id": "AllowEventBridgeInvoke",
            "principal": "events.amazonaws.com",
            "principal_org_id": null,
            "qualifier": "",
            "source_account": null,
            "source_arn": "arn:aws:events:us-east-1:722495100746:rule/tracer-demo-emitter-tick",
            "statement_id": "AllowEventBridgeInvoke",
            "statement_id_prefix": ""
          },
          "sensitive_attributes": [],
          "identity_schema_version": 0,
          "private": "bnVsbA==",
          "dependencies": [
            "aws_cloudwatch_event_rule.tick",
            "aws_iam_role.emitter",
            "aws_lambda_function.emitter",
            "data.archive_file.lambda_zip"
          ]
        }
      ]
    }
  ],
  "check_results": null
}
